// !$*UTF8*$!
{
	archiveVersion = 1;
	classes = {
	};
	objectVersion = 63;
	objects = {

/* Begin PBXBuildFile section */
		0A90D97C5FD31DB6200ABE44 /* ProfileInfoRow.swift in Sources */ = {isa = PBXBuildFile; fileRef = F1132C48E575288366B6D2EF /* ProfileInfoRow.swift */; };
		0E9AC541128E8E01EF72652A /* AppColorScheme.swift in Sources */ = {isa = PBXBuildFile; fileRef = D56774657A54EB17EAC0ED8A /* AppColorScheme.swift */; };
		1341DFE531DCFEE7D3AEA5D0 /* TokenManager.swift in Sources */ = {isa = PBXBuildFile; fileRef = 6AE5A48F1E8700EE01BFD8EA /* TokenManager.swift */; };
		1627C5A89BEF2CEF103CFE18 /* Header.swift in Sources */ = {isa = PBXBuildFile; fileRef = 5A7151BB2616E3172386B8CF /* Header.swift */; };
		1F38434A1BE53B44A14507FF /* ApiClient.swift in Sources */ = {isa = PBXBuildFile; fileRef = 2237CFEC67330B56701A1722 /* ApiClient.swift */; };
		2107FE7F2822C1F05121893C /* ProfileHeader.swift in Sources */ = {isa = PBXBuildFile; fileRef = 7B0375E1C45BA3503D501816 /* ProfileHeader.swift */; };
		24AE791AAEF71E51DF4F00FF /* ConnectedAccountRow.swift in Sources */ = {isa = PBXBuildFile; fileRef = DBBFF28BAF087264E114427C /* ConnectedAccountRow.swift */; };
		276507CC838D6C3F04306C00 /* FeedPostItem.swift in Sources */ = {isa = PBXBuildFile; fileRef = 871914C6C792AEF7ADD3E282 /* FeedPostItem.swift */; };
		307C2654CD5972A25FB7FD87 /* iOSApp.swift in Sources */ = {isa = PBXBuildFile; fileRef = 668CECA83ACC03A83C85A623 /* iOSApp.swift */; };
		3988E5570109FE1F6AB55982 /* LanguageManager.swift in Sources */ = {isa = PBXBuildFile; fileRef = 04CD5059FC5B24072E82FE4F /* LanguageManager.swift */; };
		39E63EA75219A66BCF2E0092 /* AppSpacing.swift in Sources */ = {isa = PBXBuildFile; fileRef = 083D26D52EEE623FF42A158C /* AppSpacing.swift */; };
		4B802615628238E0D04C2D12 /* Feed.swift in Sources */ = {isa = PBXBuildFile; fileRef = 858F1CB8D6E008D679615A48 /* Feed.swift */; };
		51D4EB7E36C581DB3272405B /* ApiModels.swift in Sources */ = {isa = PBXBuildFile; fileRef = AF6B77B1617BE5A0176444DB /* ApiModels.swift */; };
		56739A65E7DFD193CA84C8BC /* AppTheme.swift in Sources */ = {isa = PBXBuildFile; fileRef = 1793CCD2031E3E7DC08D30C8 /* AppTheme.swift */; };
		56B0305B5D3847FC6B326502 /* ContentView.swift in Sources */ = {isa = PBXBuildFile; fileRef = CE8509E5A49E4A5CAAEB3ADB /* ContentView.swift */; };
		60CE61AD2F5A9C7800248AE5 /* GoogleSignIn in Frameworks */ = {isa = PBXBuildFile; productRef = 60CE61AC2F5A9C7800248AE5 /* GoogleSignIn */; };
		60CE61AF2F5A9C7C00248AE5 /* GoogleSignInSwift in Frameworks */ = {isa = PBXBuildFile; productRef = 60CE61AE2F5A9C7C00248AE5 /* GoogleSignInSwift */; };
		63ABC20BA2482EA3E9327E09 /* LocationService.swift in Sources */ = {isa = PBXBuildFile; fileRef = 7C6FF8EDE0D3AC84DB127604 /* LocationService.swift */; };
		68EC2A408981F00F1C6630EB /* MyPostsScreen.swift in Sources */ = {isa = PBXBuildFile; fileRef = 66B0459DB000FE9165878B60 /* MyPostsScreen.swift */; };
		6B2031D9196667F65FD358E5 /* InfoPlist.strings in Resources */ = {isa = PBXBuildFile; fileRef = 37A6BA4C5AAF06904D9C889E /* InfoPlist.strings */; };
		6BB3279B0798A3FBF0572861 /* CreatePostFab.swift in Sources */ = {isa = PBXBuildFile; fileRef = 2460E4B7448066D7C84A60E0 /* CreatePostFab.swift */; };
		6E0FEBD0873105EF3F15340C /* ProfileScreen.swift in Sources */ = {isa = PBXBuildFile; fileRef = 538EEB48A1C15F4C32C920B0 /* ProfileScreen.swift */; };
		7FD670A047687AF4B0BCEB33 /* UserProfile.swift in Sources */ = {isa = PBXBuildFile; fileRef = 8A8768BC9FE30C2A8E8DB8BD /* UserProfile.swift */; };
		86A6000310FA931D64BB4C68 /* Localizable.strings in Resources */ = {isa = PBXBuildFile; fileRef = A7F3482AB68B54C1CB27AB9D /* Localizable.strings */; };
		8F43F96DF7E7B8D76F9B05F5 /* ReportSheet.swift in Sources */ = {isa = PBXBuildFile; fileRef = C7B79A72E1EC20429C0B7740 /* ReportSheet.swift */; };
		904F1D9D720D19FAFB977D8A /* PreferenceToggleRow.swift in Sources */ = {isa = PBXBuildFile; fileRef = A078A50AA48703006E88CF9E /* PreferenceToggleRow.swift */; };
		928D66409F64E74352E7FC4C /* StoryViewer.swift in Sources */ = {isa = PBXBuildFile; fileRef = 221175CD41C0E060B0799EA1 /* StoryViewer.swift */; };
		96EA4AD87E862659BE571463 /* OverlayNavigator.swift in Sources */ = {isa = PBXBuildFile; fileRef = 46864C464C88B89E30E44CEB /* OverlayNavigator.swift */; };
		9B2E455A75A2F6CBDB2CC2EA /* LoginScreen.swift in Sources */ = {isa = PBXBuildFile; fileRef = 384A8AC5197DA0C281ABEC95 /* LoginScreen.swift */; };
		C8BDCD3EF11FD38A62297251 /* ProfileSection.swift in Sources */ = {isa = PBXBuildFile; fileRef = B7ABB4F4705209DD8A55DF77 /* ProfileSection.swift */; };
		C9ACEF010A6F0447DB786708 /* MainScreen.swift in Sources */ = {isa = PBXBuildFile; fileRef = 2E15DBC2A2FDF9400584DC7D /* MainScreen.swift */; };
		D9CE58619DD0BAA80A20B85E /* BottomTabBar.swift in Sources */ = {isa = PBXBuildFile; fileRef = 6EC0B7A99DE21252407B1A98 /* BottomTabBar.swift */; };
		DAE888E1798A6A35976C990E /* SignalSheet.swift in Sources */ = {isa = PBXBuildFile; fileRef = 1E3713E62D26630879E78FBB /* SignalSheet.swift */; };
		A1B2C3D4E5F60718A9B0C1D2 /* SignalKeysCache.swift in Sources */ = {isa = PBXBuildFile; fileRef = A1B2C3D4E5F60718A9B0C1D3 /* SignalKeysCache.swift */; };
		B4C5D6E7F8091A2B3C4D5E6F /* ToastManager.swift in Sources */ = {isa = PBXBuildFile; fileRef = B4C5D6E7F8091A2B3C4D5E70 /* ToastManager.swift */; };
		ED32678464E2670A4843B4CC /* ScrollAwareState.swift in Sources */ = {isa = PBXBuildFile; fileRef = 65EE4260B331DF4314825DE3 /* ScrollAwareState.swift */; };
		EE384FEA6054B0289E80A462 /* StoriesRow.swift in Sources */ = {isa = PBXBuildFile; fileRef = F74852DFD929899F2E95F58A /* StoriesRow.swift */; };
		F0537F0DD24D76890A68D9FE /* CreatePostScreen.swift in Sources */ = {isa = PBXBuildFile; fileRef = CE6130F7CF7F347FA3FB4FD7 /* CreatePostScreen.swift */; };
/* End PBXBuildFile section */

/* Begin PBXFileReference section */
		04CD5059FC5B24072E82FE4F /* LanguageManager.swift */ = {isa = PBXFileReference; lastKnownFileType = sourcecode.swift; path = LanguageManager.swift; sourceTree = "<group>"; };
		083D26D52EEE623FF42A158C /* AppSpacing.swift */ = {isa = PBXFileReference; lastKnownFileType = sourcecode.swift; path = AppSpacing.swift; sourceTree = "<group>"; };
		1793CCD2031E3E7DC08D30C8 /* AppTheme.swift */ = {isa = PBXFileReference; lastKnownFileType = sourcecode.swift; path = AppTheme.swift; sourceTree = "<group>"; };
		1E3713E62D26630879E78FBB /* SignalSheet.swift */ = {isa = PBXFileReference; lastKnownFileType = sourcecode.swift; path = SignalSheet.swift; sourceTree = "<group>"; };
		B4C5D6E7F8091A2B3C4D5E70 /* ToastManager.swift */ = {isa = PBXFileReference; lastKnownFileType = sourcecode.swift; path = ToastManager.swift; sourceTree = "<group>"; };
		221175CD41C0E060B0799EA1 /* StoryViewer.swift */ = {isa = PBXFileReference; includeInIndex = 1; lastKnownFileType = sourcecode.swift; path = StoryViewer.swift; sourceTree = "<group>"; };
		2237CFEC67330B56701A1722 /* ApiClient.swift */ = {isa = PBXFileReference; lastKnownFileType = sourcecode.swift; path = ApiClient.swift; sourceTree = "<group>"; };
		2460E4B7448066D7C84A60E0 /* CreatePostFab.swift */ = {isa = PBXFileReference; lastKnownFileType = sourcecode.swift; path = CreatePostFab.swift; sourceTree = "<group>"; };
		2E15DBC2A2FDF9400584DC7D /* MainScreen.swift */ = {isa = PBXFileReference; lastKnownFileType = sourcecode.swift; path = MainScreen.swift; sourceTree = "<group>"; };
		384A8AC5197DA0C281ABEC95 /* LoginScreen.swift */ = {isa = PBXFileReference; lastKnownFileType = sourcecode.swift; path = LoginScreen.swift; sourceTree = "<group>"; };
		46864C464C88B89E30E44CEB /* OverlayNavigator.swift */ = {isa = PBXFileReference; lastKnownFileType = sourcecode.swift; path = OverlayNavigator.swift; sourceTree = "<group>"; };
		538EEB48A1C15F4C32C920B0 /* ProfileScreen.swift */ = {isa = PBXFileReference; lastKnownFileType = sourcecode.swift; path = ProfileScreen.swift; sourceTree = "<group>"; };
		5A7151BB2616E3172386B8CF /* Header.swift */ = {isa = PBXFileReference; lastKnownFileType = sourcecode.swift; path = Header.swift; sourceTree = "<group>"; };
		65EE4260B331DF4314825DE3 /* ScrollAwareState.swift */ = {isa = PBXFileReference; lastKnownFileType = sourcecode.swift; path = ScrollAwareState.swift; sourceTree = "<group>"; };
		668CECA83ACC03A83C85A623 /* iOSApp.swift */ = {isa = PBXFileReference; lastKnownFileType = sourcecode.swift; path = iOSApp.swift; sourceTree = "<group>"; };
		66B0459DB000FE9165878B60 /* MyPostsScreen.swift */ = {isa = PBXFileReference; lastKnownFileType = sourcecode.swift; path = MyPostsScreen.swift; sourceTree = "<group>"; };
		6AE5A48F1E8700EE01BFD8EA /* TokenManager.swift */ = {isa = PBXFileReference; lastKnownFileType = sourcecode.swift; path = TokenManager.swift; sourceTree = "<group>"; };
		A1B2C3D4E5F60718A9B0C1D3 /* SignalKeysCache.swift */ = {isa = PBXFileReference; lastKnownFileType = sourcecode.swift; path = SignalKeysCache.swift; sourceTree = "<group>"; };
		6EC0B7A99DE21252407B1A98 /* BottomTabBar.swift */ = {isa = PBXFileReference; lastKnownFileType = sourcecode.swift; path = BottomTabBar.swift; sourceTree = "<group>"; };
		7B0375E1C45BA3503D501816 /* ProfileHeader.swift */ = {isa = PBXFileReference; lastKnownFileType = sourcecode.swift; path = ProfileHeader.swift; sourceTree = "<group>"; };
		7C6FF8EDE0D3AC84DB127604 /* LocationService.swift */ = {isa = PBXFileReference; lastKnownFileType = sourcecode.swift; path = LocationService.swift; sourceTree = "<group>"; };
		80A8EE26B4C077F759E5A47C /* es */ = {isa = PBXFileReference; lastKnownFileType = text.plist.strings; name = es; path = es.lproj/Localizable.strings; sourceTree = "<group>"; };
		834D3196BD69E0D757EF3C4E /* pt-BR */ = {isa = PBXFileReference; lastKnownFileType = text.plist.strings; name = "pt-BR"; path = "pt-BR.lproj/InfoPlist.strings"; sourceTree = "<group>"; };
		858F1CB8D6E008D679615A48 /* Feed.swift */ = {isa = PBXFileReference; lastKnownFileType = sourcecode.swift; path = Feed.swift; sourceTree = "<group>"; };
		86038AE1032E284E79B32AD6 /* iosApp.app */ = {isa = PBXFileReference; explicitFileType = wrapper.application; includeInIndex = 0; path = iosApp.app; sourceTree = BUILT_PRODUCTS_DIR; };
		871914C6C792AEF7ADD3E282 /* FeedPostItem.swift */ = {isa = PBXFileReference; includeInIndex = 1; lastKnownFileType = sourcecode.swift; path = FeedPostItem.swift; sourceTree = "<group>"; };
		8A8768BC9FE30C2A8E8DB8BD /* UserProfile.swift */ = {isa = PBXFileReference; lastKnownFileType = sourcecode.swift; path = UserProfile.swift; sourceTree = "<group>"; };
		9C07E42A6406158CEF848DE3 /* pt-BR */ = {isa = PBXFileReference; lastKnownFileType = text.plist.strings; name = "pt-BR"; path = "pt-BR.lproj/Localizable.strings"; sourceTree = "<group>"; };
		A078A50AA48703006E88CF9E /* PreferenceToggleRow.swift */ = {isa = PBXFileReference; lastKnownFileType = sourcecode.swift; path = PreferenceToggleRow.swift; sourceTree = "<group>"; };
		A200F24526F2E89B50E53BA7 /* en */ = {isa = PBXFileReference; lastKnownFileType = text.plist.strings; name = en; path = en.lproj/InfoPlist.strings; sourceTree = "<group>"; };
		AF6B77B1617BE5A0176444DB /* ApiModels.swift */ = {isa = PBXFileReference; lastKnownFileType = sourcecode.swift; path = ApiModels.swift; sourceTree = "<group>"; };
		B7ABB4F4705209DD8A55DF77 /* ProfileSection.swift */ = {isa = PBXFileReference; lastKnownFileType = sourcecode.swift; path = ProfileSection.swift; sourceTree = "<group>"; };
		C35CD2C849A242A9332863DC /* en */ = {isa = PBXFileReference; lastKnownFileType = text.plist.strings; name = en; path = en.lproj/Localizable.strings; sourceTree = "<group>"; };
		C7B79A72E1EC20429C0B7740 /* ReportSheet.swift */ = {isa = PBXFileReference; lastKnownFileType = sourcecode.swift; path = ReportSheet.swift; sourceTree = "<group>"; };
		CE6130F7CF7F347FA3FB4FD7 /* CreatePostScreen.swift */ = {isa = PBXFileReference; lastKnownFileType = sourcecode.swift; path = CreatePostScreen.swift; sourceTree = "<group>"; };
		CE8509E5A49E4A5CAAEB3ADB /* ContentView.swift */ = {isa = PBXFileReference; lastKnownFileType = sourcecode.swift; path = ContentView.swift; sourceTree = "<group>"; };
		D56774657A54EB17EAC0ED8A /* AppColorScheme.swift */ = {isa = PBXFileReference; lastKnownFileType = sourcecode.swift; path = AppColorScheme.swift; sourceTree = "<group>"; };
		DBBFF28BAF087264E114427C /* ConnectedAccountRow.swift */ = {isa = PBXFileReference; lastKnownFileType = sourcecode.swift; path = ConnectedAccountRow.swift; sourceTree = "<group>"; };
		DC2EF9DA978F927746BF4AED /* es */ = {isa = PBXFileReference; lastKnownFileType = text.plist.strings; name = es; path = es.lproj/InfoPlist.strings; sourceTree = "<group>"; };
		F1132C48E575288366B6D2EF /* ProfileInfoRow.swift */ = {isa = PBXFileReference; lastKnownFileType = sourcecode.swift; path = ProfileInfoRow.swift; sourceTree = "<group>"; };
		F74852DFD929899F2E95F58A /* StoriesRow.swift */ = {isa = PBXFileReference; includeInIndex = 1; lastKnownFileType = sourcecode.swift; path = StoriesRow.swift; sourceTree = "<group>"; };
/* End PBXFileReference section */

/* Begin PBXFrameworksBuildPhase section */
		60CE61AA2F5A9C6200248AE5 /* Frameworks */ = {
			isa = PBXFrameworksBuildPhase;
			buildActionMask = 2147483647;
			files = (
				60CE61AD2F5A9C7800248AE5 /* GoogleSignIn in Frameworks */,
				60CE61AF2F5A9C7C00248AE5 /* GoogleSignInSwift in Frameworks */,
			);
			runOnlyForDeploymentPostprocessing = 0;
		};
/* End PBXFrameworksBuildPhase section */

/* Begin PBXGroup section */
		1D118AA5F3CC0477DF2FE1D2 /* Models */ = {
			isa = PBXGroup;
			children = (
				AF6B77B1617BE5A0176444DB /* ApiModels.swift */,
				8A8768BC9FE30C2A8E8DB8BD /* UserProfile.swift */,
			);
			path = Models;
			sourceTree = "<group>";
		};
		1DB4B685CAEE8BEFEBBAEF94 /* iosApp */ = {
			isa = PBXGroup;
			children = (
				CE8509E5A49E4A5CAAEB3ADB /* ContentView.swift */,
				37A6BA4C5AAF06904D9C889E /* InfoPlist.strings */,
				668CECA83ACC03A83C85A623 /* iOSApp.swift */,
				04CD5059FC5B24072E82FE4F /* LanguageManager.swift */,
				A7F3482AB68B54C1CB27AB9D /* Localizable.strings */,
				6F4CA40730640D5C919756FD /* Components */,
				1D118AA5F3CC0477DF2FE1D2 /* Models */,
				2DD61CEF95A462EF0C7EEC01 /* Navigation */,
				8B838DEB08640EB448E69248 /* Screens */,
				B79F64FEC527C17C2F6F623C /* Services */,
				4795698A257B423F254DDC14 /* Theme */,
			);
			path = iosApp;
			sourceTree = "<group>";
		};
		2DD61CEF95A462EF0C7EEC01 /* Navigation */ = {
			isa = PBXGroup;
			children = (
				46864C464C88B89E30E44CEB /* OverlayNavigator.swift */,
			);
			path = Navigation;
			sourceTree = "<group>";
		};
		38B69C3F79CD97858CF7B609 = {
			isa = PBXGroup;
			children = (
				1DB4B685CAEE8BEFEBBAEF94 /* iosApp */,
				60CE61AB2F5A9C7800248AE5 /* Frameworks */,
				94C98B8B3A2BFC1966447269 /* Products */,
			);
			sourceTree = "<group>";
		};
		4795698A257B423F254DDC14 /* Theme */ = {
			isa = PBXGroup;
			children = (
				D56774657A54EB17EAC0ED8A /* AppColorScheme.swift */,
				083D26D52EEE623FF42A158C /* AppSpacing.swift */,
				1793CCD2031E3E7DC08D30C8 /* AppTheme.swift */,
			);
			path = Theme;
			sourceTree = "<group>";
		};
		60CE61AB2F5A9C7800248AE5 /* Frameworks */ = {
			isa = PBXGroup;
			children = (
			);
			name = Frameworks;
			sourceTree = "<group>";
		};
		6F4CA40730640D5C919756FD /* Components */ = {
			isa = PBXGroup;
			children = (
				6EC0B7A99DE21252407B1A98 /* BottomTabBar.swift */,
				2460E4B7448066D7C84A60E0 /* CreatePostFab.swift */,
				858F1CB8D6E008D679615A48 /* Feed.swift */,
				5A7151BB2616E3172386B8CF /* Header.swift */,
				C7B79A72E1EC20429C0B7740 /* ReportSheet.swift */,
				65EE4260B331DF4314825DE3 /* ScrollAwareState.swift */,
				1E3713E62D26630879E78FBB /* SignalSheet.swift */,
				B4C5D6E7F8091A2B3C4D5E70 /* ToastManager.swift */,
				93D990D5C2C9327952750498 /* Profile */,
				871914C6C792AEF7ADD3E282 /* FeedPostItem.swift */,
				F74852DFD929899F2E95F58A /* StoriesRow.swift */,
				221175CD41C0E060B0799EA1 /* StoryViewer.swift */,
			);
			path = Components;
			sourceTree = "<group>";
		};
		8B838DEB08640EB448E69248 /* Screens */ = {
			isa = PBXGroup;
			children = (
				CE6130F7CF7F347FA3FB4FD7 /* CreatePostScreen.swift */,
				384A8AC5197DA0C281ABEC95 /* LoginScreen.swift */,
				2E15DBC2A2FDF9400584DC7D /* MainScreen.swift */,
				66B0459DB000FE9165878B60 /* MyPostsScreen.swift */,
				538EEB48A1C15F4C32C920B0 /* ProfileScreen.swift */,
			);
			path = Screens;
			sourceTree = "<group>";
		};
		93D990D5C2C9327952750498 /* Profile */ = {
			isa = PBXGroup;
			children = (
				DBBFF28BAF087264E114427C /* ConnectedAccountRow.swift */,
				A078A50AA48703006E88CF9E /* PreferenceToggleRow.swift */,
				7B0375E1C45BA3503D501816 /* ProfileHeader.swift */,
				F1132C48E575288366B6D2EF /* ProfileInfoRow.swift */,
				B7ABB4F4705209DD8A55DF77 /* ProfileSection.swift */,
			);
			path = Profile;
			sourceTree = "<group>";
		};
		94C98B8B3A2BFC1966447269 /* Products */ = {
			isa = PBXGroup;
			children = (
				86038AE1032E284E79B32AD6 /* iosApp.app */,
			);
			name = Products;
			sourceTree = "<group>";
		};
		B79F64FEC527C17C2F6F623C /* Services */ = {
			isa = PBXGroup;
			children = (
				2237CFEC67330B56701A1722 /* ApiClient.swift */,
				7C6FF8EDE0D3AC84DB127604 /* LocationService.swift */,
				A1B2C3D4E5F60718A9B0C1D3 /* SignalKeysCache.swift */,
				6AE5A48F1E8700EE01BFD8EA /* TokenManager.swift */,
			);
			path = Services;
			sourceTree = "<group>";
		};
/* End PBXGroup section */

/* Begin PBXNativeTarget section */
		78B53CC79860CBFC2F5543C6 /* iosApp */ = {
			isa = PBXNativeTarget;
			buildConfigurationList = 29DCA9F0B3A40325067EB163 /* Build configuration list for PBXNativeTarget "iosApp" */;
			buildPhases = (
				297B59D9CE634556D6007C40 /* Sources */,
				1623B02D10928C8101C1F806 /* Resources */,
				60CE61AA2F5A9C6200248AE5 /* Frameworks */,
			);
			buildRules = (
			);
			dependencies = (
			);
			name = iosApp;
			productName = iosApp;
			productReference = 86038AE1032E284E79B32AD6 /* iosApp.app */;
			productType = "com.apple.product-type.application";
		};
/* End PBXNativeTarget section */

/* Begin PBXProject section */
		242FB5348943441C388468CE /* Project object */ = {
			isa = PBXProject;
			attributes = {
				BuildIndependentTargetsInParallel = YES;
				LastUpgradeCheck = 1430;
				TargetAttributes = {
					78B53CC79860CBFC2F5543C6 = {
						ProvisioningStyle = Automatic;
					};
				};
			};
			buildConfigurationList = FF7CA1CA754D017066F1822F /* Build configuration list for PBXProject "iosApp" */;
			compatibilityVersion = "Xcode 14.0";
			developmentRegion = en;
			hasScannedForEncodings = 0;
			knownRegions = (
				Base,
				en,
				es,
				"pt-BR",
			);
			mainGroup = 38B69C3F79CD97858CF7B609;
			minimizedProjectReferenceProxies = 1;
			packageReferences = (
				60CE61A72F5A9C0D00248AE5 /* XCRemoteSwiftPackageReference "GoogleSignIn-iOS" */,
			);
			productRefGroup = 94C98B8B3A2BFC1966447269 /* Products */;
			projectDirPath = "";
			projectRoot = "";
			targets = (
				78B53CC79860CBFC2F5543C6 /* iosApp */,
			);
		};
/* End PBXProject section */

/* Begin PBXResourcesBuildPhase section */
		1623B02D10928C8101C1F806 /* Resources */ = {
			isa = PBXResourcesBuildPhase;
			buildActionMask = 2147483647;
			files = (
				6B2031D9196667F65FD358E5 /* InfoPlist.strings in Resources */,
				86A6000310FA931D64BB4C68 /* Localizable.strings in Resources */,
			);
			runOnlyForDeploymentPostprocessing = 0;
		};
/* End PBXResourcesBuildPhase section */

/* Begin PBXSourcesBuildPhase section */
		297B59D9CE634556D6007C40 /* Sources */ = {
			isa = PBXSourcesBuildPhase;
			buildActionMask = 2147483647;
			files = (
				1F38434A1BE53B44A14507FF /* ApiClient.swift in Sources */,
				51D4EB7E36C581DB3272405B /* ApiModels.swift in Sources */,
				0E9AC541128E8E01EF72652A /* AppColorScheme.swift in Sources */,
				39E63EA75219A66BCF2E0092 /* AppSpacing.swift in Sources */,
				56739A65E7DFD193CA84C8BC /* AppTheme.swift in Sources */,
				D9CE58619DD0BAA80A20B85E /* BottomTabBar.swift in Sources */,
				24AE791AAEF71E51DF4F00FF /* ConnectedAccountRow.swift in Sources */,
				56B0305B5D3847FC6B326502 /* ContentView.swift in Sources */,
				6BB3279B0798A3FBF0572861 /* CreatePostFab.swift in Sources */,
				F0537F0DD24D76890A68D9FE /* CreatePostScreen.swift in Sources */,
				4B802615628238E0D04C2D12 /* Feed.swift in Sources */,
				1627C5A89BEF2CEF103CFE18 /* Header.swift in Sources */,
				3988E5570109FE1F6AB55982 /* LanguageManager.swift in Sources */,
				63ABC20BA2482EA3E9327E09 /* LocationService.swift in Sources */,
				9B2E455A75A2F6CBDB2CC2EA /* LoginScreen.swift in Sources */,
				C9ACEF010A6F0447DB786708 /* MainScreen.swift in Sources */,
				68EC2A408981F00F1C6630EB /* MyPostsScreen.swift in Sources */,
				96EA4AD87E862659BE571463 /* OverlayNavigator.swift in Sources */,
				904F1D9D720D19FAFB977D8A /* PreferenceToggleRow.swift in Sources */,
				2107FE7F2822C1F05121893C /* ProfileHeader.swift in Sources */,
				0A90D97C5FD31DB6200ABE44 /* ProfileInfoRow.swift in Sources */,
				6E0FEBD0873105EF3F15340C /* ProfileScreen.swift in Sources */,
				C8BDCD3EF11FD38A62297251 /* ProfileSection.swift in Sources */,
				8F43F96DF7E7B8D76F9B05F5 /* ReportSheet.swift in Sources */,
				ED32678464E2670A4843B4CC /* ScrollAwareState.swift in Sources */,
				DAE888E1798A6A35976C990E /* SignalSheet.swift in Sources */,
				A1B2C3D4E5F60718A9B0C1D2 /* SignalKeysCache.swift in Sources */,
				B4C5D6E7F8091A2B3C4D5E6F /* ToastManager.swift in Sources */,
				1341DFE531DCFEE7D3AEA5D0 /* TokenManager.swift in Sources */,
				7FD670A047687AF4B0BCEB33 /* UserProfile.swift in Sources */,
				307C2654CD5972A25FB7FD87 /* iOSApp.swift in Sources */,
				276507CC838D6C3F04306C00 /* FeedPostItem.swift in Sources */,
				EE384FEA6054B0289E80A462 /* StoriesRow.swift in Sources */,
				928D66409F64E74352E7FC4C /* StoryViewer.swift in Sources */,
			);
			runOnlyForDeploymentPostprocessing = 0;
		};
/* End PBXSourcesBuildPhase section */

/* Begin PBXVariantGroup section */
		37A6BA4C5AAF06904D9C889E /* InfoPlist.strings */ = {
			isa = PBXVariantGroup;
			children = (
				A200F24526F2E89B50E53BA7 /* en */,
				DC2EF9DA978F927746BF4AED /* es */,
				834D3196BD69E0D757EF3C4E /* pt-BR */,
			);
			name = InfoPlist.strings;
			sourceTree = "<group>";
		};
		A7F3482AB68B54C1CB27AB9D /* Localizable.strings */ = {
			isa = PBXVariantGroup;
			children = (
				C35CD2C849A242A9332863DC /* en */,
				80A8EE26B4C077F759E5A47C /* es */,
				9C07E42A6406158CEF848DE3 /* pt-BR */,
			);
			name = Localizable.strings;
			sourceTree = "<group>";
		};
/* End PBXVariantGroup section */

/* Begin XCBuildConfiguration section */
		11814011E7D6EC822BFBC66D /* Release */ = {
			isa = XCBuildConfiguration;
			buildSettings = {
				ALWAYS_SEARCH_USER_PATHS = NO;
				CLANG_ANALYZER_NONNULL = YES;
				CLANG_ANALYZER_NUMBER_OBJECT_CONVERSION = YES_AGGRESSIVE;
				CLANG_CXX_LANGUAGE_STANDARD = "gnu++14";
				CLANG_CXX_LIBRARY = "libc++";
				CLANG_ENABLE_MODULES = YES;
				CLANG_ENABLE_OBJC_ARC = YES;
				CLANG_ENABLE_OBJC_WEAK = YES;
				CLANG_WARN_BLOCK_CAPTURE_AUTORELEASING = YES;
				CLANG_WARN_BOOL_CONVERSION = YES;
				CLANG_WARN_COMMA = YES;
				CLANG_WARN_CONSTANT_CONVERSION = YES;
				CLANG_WARN_DEPRECATED_OBJC_IMPLEMENTATIONS = YES;
				CLANG_WARN_DIRECT_OBJC_ISA_USAGE = YES_ERROR;
				CLANG_WARN_DOCUMENTATION_COMMENTS = YES;
				CLANG_WARN_EMPTY_BODY = YES;
				CLANG_WARN_ENUM_CONVERSION = YES;
				CLANG_WARN_INFINITE_RECURSION = YES;
				CLANG_WARN_INT_CONVERSION = YES;
				CLANG_WARN_NON_LITERAL_NULL_CONVERSION = YES;
				CLANG_WARN_OBJC_IMPLICIT_RETAIN_SELF = YES;
				CLANG_WARN_OBJC_LITERAL_CONVERSION = YES;
				CLANG_WARN_OBJC_ROOT_CLASS = YES_ERROR;
				CLANG_WARN_QUOTED_INCLUDE_IN_FRAMEWORK_HEADER = YES;
				CLANG_WARN_RANGE_LOOP_ANALYSIS = YES;
				CLANG_WARN_STRICT_PROTOTYPES = YES;
				CLANG_WARN_SUSPICIOUS_MOVE = YES;
				CLANG_WARN_UNGUARDED_AVAILABILITY = YES_AGGRESSIVE;
				CLANG_WARN_UNREACHABLE_CODE = YES;
				CLANG_WARN__DUPLICATE_METHOD_MATCH = YES;
				COPY_PHASE_STRIP = NO;
				DEBUG_INFORMATION_FORMAT = "dwarf-with-dsym";
				ENABLE_NS_ASSERTIONS = NO;
				ENABLE_PREVIEWS = YES;
				ENABLE_STRICT_OBJC_MSGSEND = YES;
				GCC_C_LANGUAGE_STANDARD = gnu11;
				GCC_NO_COMMON_BLOCKS = YES;
				GCC_WARN_64_TO_32_BIT_CONVERSION = YES;
				GCC_WARN_ABOUT_RETURN_TYPE = YES_ERROR;
				GCC_WARN_UNDECLARED_SELECTOR = YES;
				GCC_WARN_UNINITIALIZED_AUTOS = YES_AGGRESSIVE;
				GCC_WARN_UNUSED_FUNCTION = YES;
				GCC_WARN_UNUSED_VARIABLE = YES;
				IPHONEOS_DEPLOYMENT_TARGET = 16.0;
				MTL_ENABLE_DEBUG_INFO = NO;
				MTL_FAST_MATH = YES;
				PRODUCT_NAME = "$(TARGET_NAME)";
				SDKROOT = iphoneos;
				SWIFT_COMPILATION_MODE = wholemodule;
				SWIFT_OPTIMIZATION_LEVEL = "-O";
				SWIFT_VERSION = 5.0;
			};
			name = Release;
		};
		6C824A6EB4BAD43AE2A4BB29 /* Debug */ = {
			isa = XCBuildConfiguration;
			buildSettings = {
				ALWAYS_SEARCH_USER_PATHS = NO;
				CLANG_ANALYZER_NONNULL = YES;
				CLANG_ANALYZER_NUMBER_OBJECT_CONVERSION = YES_AGGRESSIVE;
				CLANG_CXX_LANGUAGE_STANDARD = "gnu++14";
				CLANG_CXX_LIBRARY = "libc++";
				CLANG_ENABLE_MODULES = YES;
				CLANG_ENABLE_OBJC_ARC = YES;
				CLANG_ENABLE_OBJC_WEAK = YES;
				CLANG_WARN_BLOCK_CAPTURE_AUTORELEASING = YES;
				CLANG_WARN_BOOL_CONVERSION = YES;
				CLANG_WARN_COMMA = YES;
				CLANG_WARN_CONSTANT_CONVERSION = YES;
				CLANG_WARN_DEPRECATED_OBJC_IMPLEMENTATIONS = YES;
				CLANG_WARN_DIRECT_OBJC_ISA_USAGE = YES_ERROR;
				CLANG_WARN_DOCUMENTATION_COMMENTS = YES;
				CLANG_WARN_EMPTY_BODY = YES;
				CLANG_WARN_ENUM_CONVERSION = YES;
				CLANG_WARN_INFINITE_RECURSION = YES;
				CLANG_WARN_INT_CONVERSION = YES;
				CLANG_WARN_NON_LITERAL_NULL_CONVERSION = YES;
				CLANG_WARN_OBJC_IMPLICIT_RETAIN_SELF = YES;
				CLANG_WARN_OBJC_LITERAL_CONVERSION = YES;
				CLANG_WARN_OBJC_ROOT_CLASS = YES_ERROR;
				CLANG_WARN_QUOTED_INCLUDE_IN_FRAMEWORK_HEADER = YES;
				CLANG_WARN_RANGE_LOOP_ANALYSIS = YES;
				CLANG_WARN_STRICT_PROTOTYPES = YES;
				CLANG_WARN_SUSPICIOUS_MOVE = YES;
				CLANG_WARN_UNGUARDED_AVAILABILITY = YES_AGGRESSIVE;
				CLANG_WARN_UNREACHABLE_CODE = YES;
				CLANG_WARN__DUPLICATE_METHOD_MATCH = YES;
				COPY_PHASE_STRIP = NO;
				DEBUG_INFORMATION_FORMAT = dwarf;
				ENABLE_PREVIEWS = YES;
				ENABLE_STRICT_OBJC_MSGSEND = YES;
				ENABLE_TESTABILITY = YES;
				GCC_C_LANGUAGE_STANDARD = gnu11;
				GCC_DYNAMIC_NO_PIC = NO;
				GCC_NO_COMMON_BLOCKS = YES;
				GCC_OPTIMIZATION_LEVEL = 0;
				GCC_PREPROCESSOR_DEFINITIONS = (
					"$(inherited)",
					"DEBUG=1",
				);
				GCC_WARN_64_TO_32_BIT_CONVERSION = YES;
				GCC_WARN_ABOUT_RETURN_TYPE = YES_ERROR;
				GCC_WARN_UNDECLARED_SELECTOR = YES;
				GCC_WARN_UNINITIALIZED_AUTOS = YES_AGGRESSIVE;
				GCC_WARN_UNUSED_FUNCTION = YES;
				GCC_WARN_UNUSED_VARIABLE = YES;
				IPHONEOS_DEPLOYMENT_TARGET = 16.0;
				MTL_ENABLE_DEBUG_INFO = INCLUDE_SOURCE;
				MTL_FAST_MATH = YES;
				ONLY_ACTIVE_ARCH = YES;
				PRODUCT_NAME = "$(TARGET_NAME)";
				SDKROOT = iphoneos;
				SWIFT_ACTIVE_COMPILATION_CONDITIONS = DEBUG;
				SWIFT_OPTIMIZATION_LEVEL = "-Onone";
				SWIFT_VERSION = 5.0;
			};
			name = Debug;
		};
		9221A1FDC06803E8A2FC6E61 /* Debug */ = {
			isa = XCBuildConfiguration;
			buildSettings = {
				ASSETCATALOG_COMPILER_APPICON_NAME = AppIcon;
				CODE_SIGN_IDENTITY = "iPhone Developer";
				CODE_SIGN_STYLE = Automatic;
				CURRENT_PROJECT_VERSION = 1;
				DEVELOPMENT_TEAM = 7G6GJV5J6P;
				FRAMEWORK_SEARCH_PATHS = (
					"$(inherited)",
					"$(SRCROOT)/../shared/build/xcode-frameworks/$(CONFIGURATION)/$(SDK_NAME)",
				);
				INFOPLIST_FILE = iosApp/Info.plist;
				LD_RUNPATH_SEARCH_PATHS = (
					"$(inherited)",
					"@executable_path/Frameworks",
				);
				MARKETING_VERSION = 1.0;
				OTHER_LDFLAGS = (
					"$(inherited)",
					"-framework",
					shared,
				);
				PRODUCT_BUNDLE_IDENTIFIER = com.limamike.corp;
				SDKROOT = iphoneos;
				TARGETED_DEVICE_FAMILY = "1,2";
			};
			name = Debug;
		};
		AF835BFF1220CA5AB5B867E4 /* Release */ = {
			isa = XCBuildConfiguration;
			buildSettings = {
				ASSETCATALOG_COMPILER_APPICON_NAME = AppIcon;
				CODE_SIGN_IDENTITY = "iPhone Developer";
				CODE_SIGN_STYLE = Automatic;
				CURRENT_PROJECT_VERSION = 1;
				DEVELOPMENT_TEAM = 7G6GJV5J6P;
				FRAMEWORK_SEARCH_PATHS = (
					"$(inherited)",
					"$(SRCROOT)/../shared/build/xcode-frameworks/$(CONFIGURATION)/$(SDK_NAME)",
				);
				INFOPLIST_FILE = iosApp/Info.plist;
				LD_RUNPATH_SEARCH_PATHS = (
					"$(inherited)",
					"@executable_path/Frameworks",
				);
				MARKETING_VERSION = 1.0;
				OTHER_LDFLAGS = (
					"$(inherited)",
					"-framework",
					shared,
				);
				PRODUCT_BUNDLE_IDENTIFIER = com.limamike.corp;
				SDKROOT = iphoneos;
				TARGETED_DEVICE_FAMILY = "1,2";
			};
			name = Release;
		};
/* End XCBuildConfiguration section */

/* Begin XCConfigurationList section */
		29DCA9F0B3A40325067EB163 /* Build configuration list for PBXNativeTarget "iosApp" */ = {
			isa = XCConfigurationList;
			buildConfigurations = (
				9221A1FDC06803E8A2FC6E61 /* Debug */,
				AF835BFF1220CA5AB5B867E4 /* Release */,
			);
			defaultConfigurationIsVisible = 0;
			defaultConfigurationName = Debug;
		};
		FF7CA1CA754D017066F1822F /* Build configuration list for PBXProject "iosApp" */ = {
			isa = XCConfigurationList;
			buildConfigurations = (
				6C824A6EB4BAD43AE2A4BB29 /* Debug */,
				11814011E7D6EC822BFBC66D /* Release */,
			);
			defaultConfigurationIsVisible = 0;
			defaultConfigurationName = Debug;
		};
/* End XCConfigurationList section */

/* Begin XCRemoteSwiftPackageReference section */
		60CE61A72F5A9C0D00248AE5 /* XCRemoteSwiftPackageReference "GoogleSignIn-iOS" */ = {
			isa = XCRemoteSwiftPackageReference;
			repositoryURL = "https://github.com/google/GoogleSignIn-iOS";
			requirement = {
				kind = upToNextMajorVersion;
				minimumVersion = 9.1.0;
			};
		};
/* End XCRemoteSwiftPackageReference section */

/* Begin XCSwiftPackageProductDependency section */
		60CE61AC2F5A9C7800248AE5 /* GoogleSignIn */ = {
			isa = XCSwiftPackageProductDependency;
			package = 60CE61A72F5A9C0D00248AE5 /* XCRemoteSwiftPackageReference "GoogleSignIn-iOS" */;
			productName = GoogleSignIn;
		};
		60CE61AE2F5A9C7C00248AE5 /* GoogleSignInSwift */ = {
			isa = XCSwiftPackageProductDependency;
			package = 60CE61A72F5A9C0D00248AE5 /* XCRemoteSwiftPackageReference "GoogleSignIn-iOS" */;
			productName = GoogleSignInSwift;
		};
/* End XCSwiftPackageProductDependency section */
	};
	rootObject = 242FB5348943441C388468CE /* Project object */;
}
